
Microsoft Visual Studio Solution File, Format Version 12.00
# Visual Studio Version 16
VisualStudioVersion = 16.0.30523.141
MinimumVisualStudioVersion = 10.0.40219.1
Project("{FAE04EC0-301F-11D3-BF4B-00C04F79EFBC}") = "TestProject", "TestProject\TestProject.csproj", "{C3D82356-6852-42D6-B36F-FF700DBCC8F3}"
EndProject
Global
	GlobalSection(SolutionConfigurationPlatforms) = preSolution
		Debug|Any CPU = Debug|Any CPU
		Release|Any CPU = Release|Any CPU
	EndGlobalSection
	GlobalSection(ProjectConfigurationPlatforms) = postSolution
		{C3D82356-6852-42D6-B36F-FF700DBCC8F3}.Debug|Any CPU.ActiveCfg = Debug|Any CPU
		{C3D82356-6852-42D6-B36F-FF700DBCC8F3}.Debug|Any CPU.Build.0 = Debug|Any CPU
		{C3D82356-6852-42D6-B36F-FF700DBCC8F3}.Release|Any CPU.ActiveCfg = Release|Any CPU
		{C3D82356-6852-42D6-B36F-FF700DBCC8F3}.Release|Any CPU.Build.0 = Release|Any CPU
	EndGlobalSection
	GlobalSection(SolutionProperties) = preSolution
		HideSolutionNode = FALSE
	EndGlobalSection
	GlobalSection(ExtensibilityGlobals) = postSolution
		SolutionGuid = {50550A3E-A37E-437A-8BC8-88F00708A3B0}
	EndGlobalSection
EndGlobal
